# THIS IS AN AUTOGENERATED FILE. DO NOT EDIT THIS FILE DIRECTLY.
# yarn lockfile v1


bit-twiddle@^1.0.2:
  version "1.0.2"
  resolved "https://registry.yarnpkg.com/bit-twiddle/-/bit-twiddle-1.0.2.tgz#0c6c1fabe2b23d17173d9a61b7b7093eb9e1769e"

earcut@^2.0.7:
  version "2.1.1"
  resolved "https://registry.yarnpkg.com/earcut/-/earcut-2.1.1.tgz#157634e5f3ebb42224e475016e86a5b6ce556b45"

eventemitter3@^2.0.0:
  version "2.0.2"
  resolved "https://registry.yarnpkg.com/eventemitter3/-/eventemitter3-2.0.2.tgz#20ce4891909ce9f35b088c94fab40e2c96f473ac"

ismobilejs@^0.4.0:
  version "0.4.0"
  resolved "https://registry.yarnpkg.com/ismobilejs/-/ismobilejs-0.4.0.tgz#7b986252118e552137f36e42c21794af6c91558f"

jquery@^3.1.1:
  version "3.1.1"
  resolved "https://registry.yarnpkg.com/jquery/-/jquery-3.1.1.tgz#347c1c21c7e004115e0a4da32cece041fad3c8a3"

mini-signals@^1.1.1:
  version "1.1.1"
  resolved "https://registry.yarnpkg.com/mini-signals/-/mini-signals-1.1.1.tgz#3e65d6f13581a6047c4d0f0ad0b127a33039911b"

object-assign@^4.0.1:
  version "4.1.1"
  resolved "https://registry.yarnpkg.com/object-assign/-/object-assign-4.1.1.tgz#2109adc7965887cfc05cbbd442cac8bfbb360863"

parse-uri@^1.0.0:
  version "1.0.0"
  resolved "https://registry.yarnpkg.com/parse-uri/-/parse-uri-1.0.0.tgz#2872dcc22f1a797acde1583d8a0ac29552ddac20"

pixi-gl-core@^1.0.3:
  version "1.1.0"
  resolved "https://registry.yarnpkg.com/pixi-gl-core/-/pixi-gl-core-1.1.0.tgz#a52cb4dd3254f9c7857a0e9c2356b00e6ec0c761"

pixi.js@^4.4.1:
  version "4.4.1"
  resolved "https://registry.yarnpkg.com/pixi.js/-/pixi.js-4.4.1.tgz#b49f7fc5be4729d0405b5c7c048a2c806b395505"
  dependencies:
    bit-twiddle "^1.0.2"
    earcut "^2.0.7"
    eventemitter3 "^2.0.0"
    ismobilejs "^0.4.0"
    object-assign "^4.0.1"
    pixi-gl-core "^1.0.3"
    resource-loader "^2.0.6"

resource-loader@^2.0.6:
  version "2.0.7"
  resolved "https://registry.yarnpkg.com/resource-loader/-/resource-loader-2.0.7.tgz#246324c53f78f747cfe575ed3bdc11cff79a2ff7"
  dependencies:
    mini-signals "^1.1.1"
    parse-uri "^1.0.0"

three@^0.84.0:
  version "0.84.0"
  resolved "https://registry.yarnpkg.com/three/-/three-0.84.0.tgz#95be85a55a0fa002aa625ed559130957dcffd918"
